
Microsoft Visual Studio Solution File, Format Version 12.00
# Visual Studio Version 16
VisualStudioVersion = 16.0.31515.178
MinimumVisualStudioVersion = 10.0.40219.1
Project("{9A19103F-16F7-4668-BE54-9A1E7A4F7556}") = "CIS560TeamProject", "CIS560TeamProject.csproj", "{E7A08013-3402-4FD9-9FB4-1D512BB52701}"
EndProject
Project("{9A19103F-16F7-4668-BE54-9A1E7A4F7556}") = "UnitTests", "..\UnitTests\UnitTests.csproj", "{76A3ECDE-D967-4B47-872E-6D15505306F6}"
EndProject
Project("{FAE04EC0-301F-11D3-BF4B-00C04F79EFBC}") = "KioskData", "..\KioskModels\KioskData.csproj", "{1888F6CB-120B-4F1C-B637-3059E380A43E}"
EndProject
Project("{FAE04EC0-301F-11D3-BF4B-00C04F79EFBC}") = "KioskView", "..\KioskView\KioskView.csproj", "{EA888484-4EF1-4535-896F-753E9F01908C}"
EndProject
Global
	GlobalSection(SolutionConfigurationPlatforms) = preSolution
		Debug|Any CPU = Debug|Any CPU
		Release|Any CPU = Release|Any CPU
	EndGlobalSection
	GlobalSection(ProjectConfigurationPlatforms) = postSolution
		{E7A08013-3402-4FD9-9FB4-1D512BB52701}.Debug|Any CPU.ActiveCfg = Debug|Any CPU
		{E7A08013-3402-4FD9-9FB4-1D512BB52701}.Debug|Any CPU.Build.0 = Debug|Any CPU
		{E7A08013-3402-4FD9-9FB4-1D512BB52701}.Release|Any CPU.ActiveCfg = Release|Any CPU
		{E7A08013-3402-4FD9-9FB4-1D512BB52701}.Release|Any CPU.Build.0 = Release|Any CPU
		{76A3ECDE-D967-4B47-872E-6D15505306F6}.Debug|Any CPU.ActiveCfg = Debug|Any CPU
		{76A3ECDE-D967-4B47-872E-6D15505306F6}.Debug|Any CPU.Build.0 = Debug|Any CPU
		{76A3ECDE-D967-4B47-872E-6D15505306F6}.Release|Any CPU.ActiveCfg = Release|Any CPU
		{76A3ECDE-D967-4B47-872E-6D15505306F6}.Release|Any CPU.Build.0 = Release|Any CPU
		{1888F6CB-120B-4F1C-B637-3059E380A43E}.Debug|Any CPU.ActiveCfg = Debug|Any CPU
		{1888F6CB-120B-4F1C-B637-3059E380A43E}.Debug|Any CPU.Build.0 = Debug|Any CPU
		{1888F6CB-120B-4F1C-B637-3059E380A43E}.Release|Any CPU.ActiveCfg = Release|Any CPU
		{1888F6CB-120B-4F1C-B637-3059E380A43E}.Release|Any CPU.Build.0 = Release|Any CPU
		{EA888484-4EF1-4535-896F-753E9F01908C}.Debug|Any CPU.ActiveCfg = Debug|Any CPU
		{EA888484-4EF1-4535-896F-753E9F01908C}.Debug|Any CPU.Build.0 = Debug|Any CPU
		{EA888484-4EF1-4535-896F-753E9F01908C}.Release|Any CPU.ActiveCfg = Release|Any CPU
		{EA888484-4EF1-4535-896F-753E9F01908C}.Release|Any CPU.Build.0 = Release|Any CPU
	EndGlobalSection
	GlobalSection(SolutionProperties) = preSolution
		HideSolutionNode = FALSE
	EndGlobalSection
	GlobalSection(ExtensibilityGlobals) = postSolution
		SolutionGuid = {0AB607D7-518F-4954-AF65-CBAF63503309}
	EndGlobalSection
EndGlobal
