
Microsoft Visual Studio Solution File, Format Version 12.00
# Visual Studio Version 16
VisualStudioVersion = 16.0.31515.178
MinimumVisualStudioVersion = 10.0.40219.1
Project("{9A19103F-16F7-4668-BE54-9A1E7A4F7556}") = "UnitTests", "..\UnitTests\UnitTests.csproj", "{76A3ECDE-D967-4B47-872E-6D15505306F6}"
EndProject
Project("{FAE04EC0-301F-11D3-BF4B-00C04F79EFBC}") = "KioskData", "..\KioskModels\KioskData.csproj", "{1888F6CB-120B-4F1C-B637-3059E380A43E}"
EndProject
Project("{9A19103F-16F7-4668-BE54-9A1E7A4F7556}") = "KioskGUI", "..\KioskGUI\KioskGUI.csproj", "{D0260F85-6CBD-4B22-BD8A-CCC198921702}"
EndProject
Project("{FAE04EC0-301F-11D3-BF4B-00C04F79EFBC}") = "KioskDataAccess", "KioskDataAccess\KioskDataAccess.csproj", "{B7B9126D-5876-45E3-AD34-C170A083AF2E}"
EndProject
Global
	GlobalSection(SolutionConfigurationPlatforms) = preSolution
		Debug|Any CPU = Debug|Any CPU
		Release|Any CPU = Release|Any CPU
	EndGlobalSection
	GlobalSection(ProjectConfigurationPlatforms) = postSolution
		{76A3ECDE-D967-4B47-872E-6D15505306F6}.Debug|Any CPU.ActiveCfg = Debug|Any CPU
		{76A3ECDE-D967-4B47-872E-6D15505306F6}.Debug|Any CPU.Build.0 = Debug|Any CPU
		{76A3ECDE-D967-4B47-872E-6D15505306F6}.Release|Any CPU.ActiveCfg = Release|Any CPU
		{76A3ECDE-D967-4B47-872E-6D15505306F6}.Release|Any CPU.Build.0 = Release|Any CPU
		{1888F6CB-120B-4F1C-B637-3059E380A43E}.Debug|Any CPU.ActiveCfg = Debug|Any CPU
		{1888F6CB-120B-4F1C-B637-3059E380A43E}.Debug|Any CPU.Build.0 = Debug|Any CPU
		{1888F6CB-120B-4F1C-B637-3059E380A43E}.Release|Any CPU.ActiveCfg = Release|Any CPU
		{1888F6CB-120B-4F1C-B637-3059E380A43E}.Release|Any CPU.Build.0 = Release|Any CPU
		{D0260F85-6CBD-4B22-BD8A-CCC198921702}.Debug|Any CPU.ActiveCfg = Debug|Any CPU
		{D0260F85-6CBD-4B22-BD8A-CCC198921702}.Debug|Any CPU.Build.0 = Debug|Any CPU
		{D0260F85-6CBD-4B22-BD8A-CCC198921702}.Release|Any CPU.ActiveCfg = Release|Any CPU
		{D0260F85-6CBD-4B22-BD8A-CCC198921702}.Release|Any CPU.Build.0 = Release|Any CPU
		{B7B9126D-5876-45E3-AD34-C170A083AF2E}.Debug|Any CPU.ActiveCfg = Debug|Any CPU
		{B7B9126D-5876-45E3-AD34-C170A083AF2E}.Debug|Any CPU.Build.0 = Debug|Any CPU
		{B7B9126D-5876-45E3-AD34-C170A083AF2E}.Release|Any CPU.ActiveCfg = Release|Any CPU
		{B7B9126D-5876-45E3-AD34-C170A083AF2E}.Release|Any CPU.Build.0 = Release|Any CPU
	EndGlobalSection
	GlobalSection(SolutionProperties) = preSolution
		HideSolutionNode = FALSE
	EndGlobalSection
	GlobalSection(ExtensibilityGlobals) = postSolution
		SolutionGuid = {0AB607D7-518F-4954-AF65-CBAF63503309}
	EndGlobalSection
EndGlobal
